<Solution>
  <Folder Name="/src/">
    <Project Path="src/Hoard.App/Hoard.App.csproj" />
    <Project Path="src/Hoard.Auth.WebView/Hoard.Auth.WebView.csproj" />
    <Project Path="src/Hoard.Core/Hoard.Core.csproj" />
    <Project Path="src/Hoard.Covers/Hoard.Covers.csproj" />
    <Project Path="src/Hoard.Covers.Igdb/Hoard.Covers.Igdb.csproj" />
    <Project Path="src/Hoard.Data/Hoard.Data.csproj" />
    <Project Path="src/Hoard.Enrich.GamesDb/Hoard.Enrich.GamesDb.csproj" />
    <Project Path="src/Hoard.Enrich.Igdb/Hoard.Enrich.Igdb.csproj" />
    <Project Path="src/Hoard.Enrich.Steam/Hoard.Enrich.Steam.csproj" />
    <Project Path="src/Hoard.Enrich.SteamWeb/Hoard.Enrich.SteamWeb.csproj" />
    <Project Path="src/Hoard.Enrich.Updates/Hoard.Enrich.Updates.csproj" />
    <Project Path="src/Hoard.Ingest.Epic/Hoard.Ingest.Epic.csproj" />
    <Project Path="src/Hoard.Ingest.Gog/Hoard.Ingest.Gog.csproj" />
    <Project Path="src/Hoard.Ingest.Steam/Hoard.Ingest.Steam.csproj" />
    <Project Path="src/Hoard.Monitor/Hoard.Monitor.csproj" />
    <Project Path="src/Hoard.Recommend/Hoard.Recommend.csproj" />
    <Project Path="src/Hoard.Resolve/Hoard.Resolve.csproj" />
  </Folder>
  <Folder Name="/tests/">
    <Project Path="tests/Hoard.Covers.Tests/Hoard.Covers.Tests.csproj" />
    <Project Path="tests/Hoard.Recommend.Tests/Hoard.Recommend.Tests.csproj" />
    <Project Path="tests/Hoard.Tests/Hoard.Tests.csproj" />
  </Folder>
</Solution>
